{
    "_readme": [
        "This file locks the dependencies of your project to a known state",
        "Read more about it at http://getcomposer.org/doc/01-basic-usage.md#composer-lock-the-lock-file",
        "This file is @generated automatically"
    ],
    "hash": "a12d031dec0c340450ecedc4b121b1aa",
    "packages": [
        {
            "name": "monolog/monolog",
            "version": "1.2.1",
            "source": {
                "type": "git",
                "url": "https://github.com/Seldaek/monolog.git",
                "reference": "d16496318c3e08e3bccfc3866e104e49cf25488a"
            },
            "dist": {
                "type": "zip",
                "url": "https://api.github.com/repos/Seldaek/monolog/zipball/d16496318c3e08e3bccfc3866e104e49cf25488a",
                "reference": "d16496318c3e08e3bccfc3866e104e49cf25488a",
                "shasum": ""
            },
            "require": {
                "php": ">=5.3.0"
            },
            "require-dev": {
                "mlehner/gelf-php": "1.0.*"
            },
            "suggest": {
                "ext-amqp": "Allow sending log messages to an AMQP server (1.0+ required)",
                "ext-mongo": "Allow sending log messages to a MongoDB server",
                "mlehner/gelf-php": "Allow sending log messages to a GrayLog2 server"
            },
            "type": "library",
            "extra": {
                "branch-alias": {
                    "dev-master": "1.3.x-dev"
                }
            },
            "autoload": {
                "psr-0": {
                    "Monolog": "src/"
                }
            },
            "notification-url": "https://packagist.org/downloads/",
            "license": [
                "MIT"
            ],
            "authors": [
                {
                    "name": "Jordi Boggiano",
                    "email": "j.boggiano@seld.be",
                    "homepage": "http://seld.be",
                    "role": "Developer"
                }
            ],
            "description": "Logging for PHP 5.3",
            "homepage": "http://github.com/Seldaek/monolog",
            "keywords": [
                "log",
                "logging"
            ],
            "time": "2012-08-29 11:53:20"
        },
        {
            "name": "predis/predis",
            "version": "v1.0.1",
            "source": {
                "type": "git",
                "url": "https://github.com/nrk/predis.git",
                "reference": "7a170b3d8123c556597b4fbdb88631f99de180c2"
            },
            "dist": {
                "type": "zip",
                "url": "https://api.github.com/repos/nrk/predis/zipball/7a170b3d8123c556597b4fbdb88631f99de180c2",
                "reference": "7a170b3d8123c556597b4fbdb88631f99de180c2",
                "shasum": ""
            },
            "require": {
                "php": ">=5.3.2"
            },
            "require-dev": {
                "phpunit/phpunit": "~4.0"
            },
            "suggest": {
                "ext-curl": "Allows access to Webdis when paired with phpiredis",
                "ext-phpiredis": "Allows faster serialization and deserialization of the Redis protocol"
            },
            "type": "library",
            "autoload": {
                "psr-4": {
                    "Predis\\": "src/"
                }
            },
            "notification-url": "https://packagist.org/downloads/",
            "license": [
                "MIT"
            ],
            "authors": [
                {
                    "name": "Daniele Alessandri",
                    "email": "suppakilla@gmail.com",
                    "homepage": "http://clorophilla.net"
                }
            ],
            "description": "Flexible and feature-complete PHP client library for Redis",
            "homepage": "http://github.com/nrk/predis",
            "keywords": [
                "nosql",
                "predis",
                "redis"
            ],
            "time": "2015-01-02 12:51:34"
        },
        {
            "name": "voku/portable-utf8",
            "version": "1.3.4",
            "source": {
                "type": "git",
                "url": "https://github.com/voku/portable-utf8.git",
                "reference": "89fbba29a063d3367af58e14f81fcde0d604711f"
            },
            "dist": {
                "type": "zip",
                "url": "https://api.github.com/repos/voku/portable-utf8/zipball/89fbba29a063d3367af58e14f81fcde0d604711f",
                "reference": "89fbba29a063d3367af58e14f81fcde0d604711f",
                "shasum": ""
            },
            "require": {
                "php": ">=5.3.0"
            },
            "require-dev": {
                "phpunit/phpunit": "4.*",
                "satooshi/php-coveralls": "0.7.*@dev"
            },
            "suggest": {
                "ext-iconv": "Use iconv for best performance",
                "ext-intl": "Use Intl for best performance",
                "ext-mbstring": "Use Mbstring for best performance"
            },
            "type": "library",
            "autoload": {
                "psr-0": {
                    "voku": "src"
                }
            },
            "notification-url": "https://packagist.org/downloads/",
            "license": [
                "CC-BY-3.0"
            ],
            "authors": [
                {
                    "name": "Hamid Sarfraz",
                    "homepage": "http://pageconfig.com/"
                },
                {
                    "name": "Lars Moelleken",
                    "homepage": "http://www.moelleken.org/"
                }
            ],
            "description": "Portable UTF-8 library with polyfill / shim for Iconv, Intl, Mbstring, Normalizrer etc.",
            "homepage": "https://github.com/voku/portable-utf8",
            "keywords": [
                "UTF",
                "clean",
                "php",
                "unicode",
                "utf-8",
                "utf8"
            ],
            "time": "2015-03-26 15:19:54"
        },
        {
            "name": "voku/simple-cache",
            "version": "1.1.2",
            "source": {
                "type": "git",
                "url": "https://github.com/voku/simple-cache.git",
                "reference": "f8d1716d082d505f30c4824bd4d0fdb53a1aa9fe"
            },
            "dist": {
                "type": "zip",
                "url": "https://api.github.com/repos/voku/simple-cache/zipball/f8d1716d082d505f30c4824bd4d0fdb53a1aa9fe",
                "reference": "f8d1716d082d505f30c4824bd4d0fdb53a1aa9fe",
                "shasum": ""
            },
            "require": {
                "php": ">=5.3.0",
                "predis/predis": "1.0.*"
            },
            "require-dev": {
                "phpunit/phpunit": "4.*",
                "satooshi/php-coveralls": "0.7.*@dev"
            },
            "type": "library",
            "autoload": {
                "psr-0": {
                    "voku": "src"
                }
            },
            "notification-url": "https://packagist.org/downloads/",
            "license": [
                "MIT"
            ],
            "authors": [
                {
                    "name": "Lars Moelleken",
                    "homepage": "http://www.moelleken.org/",
                    "role": "Developer"
                }
            ],
            "description": "Simple Cache library",
            "homepage": "https://github.com/voku/simple-cache",
            "keywords": [
                "cache",
                "caching",
                "php",
                "simple cache"
            ],
            "time": "2015-03-06 16:41:02"
        },
        {
            "name": "voku/simple-mysqli",
            "version": "v1.8.1",
            "source": {
                "type": "git",
                "url": "https://github.com/voku/simple-mysqli.git",
                "reference": "ac0127a9390c84a2590c7f6ff8aa5fc7d8f381b7"
            },
            "dist": {
                "type": "zip",
                "url": "https://api.github.com/repos/voku/simple-mysqli/zipball/ac0127a9390c84a2590c7f6ff8aa5fc7d8f381b7",
                "reference": "ac0127a9390c84a2590c7f6ff8aa5fc7d8f381b7",
                "shasum": ""
            },
            "require": {
                "php": ">=5.3.0",
                "voku/portable-utf8": "1.*",
                "voku/simple-cache": "1.*"
            },
            "require-dev": {
                "phpunit/phpunit": "4.*",
                "satooshi/php-coveralls": "0.7.*@dev"
            },
            "type": "library",
            "autoload": {
                "psr-0": {
                    "voku": "src"
                }
            },
            "notification-url": "https://packagist.org/downloads/",
            "license": [
                "MIT"
            ],
            "authors": [
                {
                    "name": "Jonathan Tavares",
                    "email": "the.entomb@gmail.com",
                    "homepage": "https://github.com/entomb",
                    "role": "Developer"
                },
                {
                    "name": "Lars Moelleken",
                    "homepage": "http://www.moelleken.org/",
                    "role": "Developer"
                }
            ],
            "description": "Simple MySQLi library",
            "homepage": "https://github.com/voku/simple-mysqli",
            "keywords": [
                "db",
                "mysqli",
                "php",
                "simple db"
            ],
            "time": "2015-04-07 15:23:13"
        }
    ],
    "packages-dev": [],
    "aliases": [],
    "minimum-stability": "stable",
    "stability-flags": [],
    "prefer-stable": false,
    "prefer-lowest": false,
    "platform": [],
    "platform-dev": []
}
